
Microsoft Visual Studio Solution File, Format Version 12.00
# Visual Studio Version 16
VisualStudioVersion = 16.0.31613.86
MinimumVisualStudioVersion = 10.0.40219.1
Project("{FAE04EC0-301F-11D3-BF4B-00C04F79EFBC}") = "KmsService", "KmsService\KmsService.csproj", "{0E7238D6-EE3B-4884-959F-36EB4355A96C}"
EndProject
Global
	GlobalSection(SolutionConfigurationPlatforms) = preSolution
		Debug|Any CPU = Debug|Any CPU
		Release|Any CPU = Release|Any CPU
	EndGlobalSection
	GlobalSection(ProjectConfigurationPlatforms) = postSolution
		{0E7238D6-EE3B-4884-959F-36EB4355A96C}.Debug|Any CPU.ActiveCfg = Debug|Any CPU
		{0E7238D6-EE3B-4884-959F-36EB4355A96C}.Debug|Any CPU.Build.0 = Debug|Any CPU
		{0E7238D6-EE3B-4884-959F-36EB4355A96C}.Release|Any CPU.ActiveCfg = Release|Any CPU
		{0E7238D6-EE3B-4884-959F-36EB4355A96C}.Release|Any CPU.Build.0 = Release|Any CPU
	EndGlobalSection
	GlobalSection(SolutionProperties) = preSolution
		HideSolutionNode = FALSE
	EndGlobalSection
	GlobalSection(ExtensibilityGlobals) = postSolution
		SolutionGuid = {4D257D67-291C-49B2-9681-6B6831D6CD64}
	EndGlobalSection
EndGlobal
