
Microsoft Visual Studio Solution File, Format Version 12.00
# Visual Studio Version 17
VisualStudioVersion = 17.0.31903.59
MinimumVisualStudioVersion = 10.0.40219.1
Project("{FAE04EC0-301F-11D3-BF4B-00C04F79EFBC}") = "dingdingsuccess", "dingdingsuccess\dingdingsuccess.csproj", "{F47459D2-8620-4B66-A2C2-1591D738D29A}"
EndProject
Global
	GlobalSection(SolutionConfigurationPlatforms) = preSolution
		Debug|Any CPU = Debug|Any CPU
		Release|Any CPU = Release|Any CPU
	EndGlobalSection
	GlobalSection(ProjectConfigurationPlatforms) = postSolution
		{F47459D2-8620-4B66-A2C2-1591D738D29A}.Debug|Any CPU.ActiveCfg = Debug|Any CPU
		{F47459D2-8620-4B66-A2C2-1591D738D29A}.Debug|Any CPU.Build.0 = Debug|Any CPU
		{F47459D2-8620-4B66-A2C2-1591D738D29A}.Release|Any CPU.ActiveCfg = Release|Any CPU
		{F47459D2-8620-4B66-A2C2-1591D738D29A}.Release|Any CPU.Build.0 = Release|Any CPU
	EndGlobalSection
	GlobalSection(SolutionProperties) = preSolution
		HideSolutionNode = FALSE
	EndGlobalSection
	GlobalSection(ExtensibilityGlobals) = postSolution
		SolutionGuid = {545A6A16-A2E7-41CF-8C87-D3D43C572D3F}
	EndGlobalSection
EndGlobal
